
Microsoft Visual Studio Solution File, Format Version 12.00
# Visual Studio Version 16
VisualStudioVersion = 16.0.31911.196
MinimumVisualStudioVersion = 10.0.40219.1
Project("{FAE04EC0-301F-11D3-BF4B-00C04F79EFBC}") = "WPFVidRecApp", "WPFVidRecApp\WPFVidRecApp.csproj", "{1D10163C-8EF5-4152-9F99-07817D81990D}"
EndProject
Global
	GlobalSection(SolutionConfigurationPlatforms) = preSolution
		Debug|Any CPU = Debug|Any CPU
		Release|Any CPU = Release|Any CPU
	EndGlobalSection
	GlobalSection(ProjectConfigurationPlatforms) = postSolution
		{1D10163C-8EF5-4152-9F99-07817D81990D}.Debug|Any CPU.ActiveCfg = Debug|Any CPU
		{1D10163C-8EF5-4152-9F99-07817D81990D}.Debug|Any CPU.Build.0 = Debug|Any CPU
		{1D10163C-8EF5-4152-9F99-07817D81990D}.Release|Any CPU.ActiveCfg = Release|Any CPU
		{1D10163C-8EF5-4152-9F99-07817D81990D}.Release|Any CPU.Build.0 = Release|Any CPU
	EndGlobalSection
	GlobalSection(SolutionProperties) = preSolution
		HideSolutionNode = FALSE
	EndGlobalSection
	GlobalSection(ExtensibilityGlobals) = postSolution
		SolutionGuid = {CF4DB0C4-A42D-4179-93AD-25746609D940}
	EndGlobalSection
EndGlobal
